
Microsoft Visual Studio Solution File, Format Version 12.00
# Visual Studio 15
VisualStudioVersion = 15.0.28307.489
MinimumVisualStudioVersion = 10.0.40219.1
Project("{FAE04EC0-301F-11D3-BF4B-00C04F79EFBC}") = "Subscriber", "Subscriber\Subscriber.csproj", "{94D2C16F-9BE1-43C6-BFD2-414A5459FD71}"
EndProject
Project("{FAE04EC0-301F-11D3-BF4B-00C04F79EFBC}") = "Publisher", "Publisher\Publisher.csproj", "{CBC0A351-005C-4831-B3DE-1FA7B0522795}"
EndProject
Project("{FAE04EC0-301F-11D3-BF4B-00C04F79EFBC}") = "Common", "Common\Common.csproj", "{75654629-B54F-4054-B341-E0D84E3595B2}"
EndProject
Global
	GlobalSection(SolutionConfigurationPlatforms) = preSolution
		Debug|Any CPU = Debug|Any CPU
		Release|Any CPU = Release|Any CPU
	EndGlobalSection
	GlobalSection(ProjectConfigurationPlatforms) = postSolution
		{94D2C16F-9BE1-43C6-BFD2-414A5459FD71}.Debug|Any CPU.ActiveCfg = Debug|Any CPU
		{94D2C16F-9BE1-43C6-BFD2-414A5459FD71}.Debug|Any CPU.Build.0 = Debug|Any CPU
		{94D2C16F-9BE1-43C6-BFD2-414A5459FD71}.Release|Any CPU.ActiveCfg = Release|Any CPU
		{94D2C16F-9BE1-43C6-BFD2-414A5459FD71}.Release|Any CPU.Build.0 = Release|Any CPU
		{CBC0A351-005C-4831-B3DE-1FA7B0522795}.Debug|Any CPU.ActiveCfg = Debug|Any CPU
		{CBC0A351-005C-4831-B3DE-1FA7B0522795}.Debug|Any CPU.Build.0 = Debug|Any CPU
		{CBC0A351-005C-4831-B3DE-1FA7B0522795}.Release|Any CPU.ActiveCfg = Release|Any CPU
		{CBC0A351-005C-4831-B3DE-1FA7B0522795}.Release|Any CPU.Build.0 = Release|Any CPU
		{75654629-B54F-4054-B341-E0D84E3595B2}.Debug|Any CPU.ActiveCfg = Debug|Any CPU
		{75654629-B54F-4054-B341-E0D84E3595B2}.Debug|Any CPU.Build.0 = Debug|Any CPU
		{75654629-B54F-4054-B341-E0D84E3595B2}.Release|Any CPU.ActiveCfg = Release|Any CPU
		{75654629-B54F-4054-B341-E0D84E3595B2}.Release|Any CPU.Build.0 = Release|Any CPU
	EndGlobalSection
	GlobalSection(SolutionProperties) = preSolution
		HideSolutionNode = FALSE
	EndGlobalSection
	GlobalSection(ExtensibilityGlobals) = postSolution
		SolutionGuid = {754925DB-C364-4181-9218-9F55D008389F}
	EndGlobalSection
EndGlobal
